// !$*UTF8*$!
{
	archiveVersion = 1;
	classes = {
	};
	objectVersion = 50;
	objects = {

/* Begin PBXBuildFile section */
		8242EF1C23D06CF800FC087C /* AppDelegate.swift in Sources */ = {isa = PBXBuildFile; fileRef = 8242EF1B23D06CF800FC087C /* AppDelegate.swift */; };
		8242EF1E23D06CF800FC087C /* ViewController.swift in Sources */ = {isa = PBXBuildFile; fileRef = 8242EF1D23D06CF800FC087C /* ViewController.swift */; };
		8242EF2023D06CFA00FC087C /* Assets.xcassets in Resources */ = {isa = PBXBuildFile; fileRef = 8242EF1F23D06CFA00FC087C /* Assets.xcassets */; };
		8242EF2323D06CFA00FC087C /* Main.storyboard in Resources */ = {isa = PBXBuildFile; fileRef = 8242EF2123D06CFA00FC087C /* Main.storyboard */; };
/* End PBXBuildFile section */

/* Begin PBXFileReference section */
		8242EF1823D06CF800FC087C /* agvpoc.app */ = {isa = PBXFileReference; explicitFileType = wrapper.application; includeInIndex = 0; path = agvpoc.app; sourceTree = BUILT_PRODUCTS_DIR; };
		8242EF1B23D06CF800FC087C /* AppDelegate.swift */ = {isa = PBXFileReference; lastKnownFileType = sourcecode.swift; path = AppDelegate.swift; sourceTree = "<group>"; };
		8242EF1D23D06CF800FC087C /* ViewController.swift */ = {isa = PBXFileReference; lastKnownFileType = sourcecode.swift; path = ViewController.swift; sourceTree = "<group>"; };
		8242EF1F23D06CFA00FC087C /* Assets.xcassets */ = {isa = PBXFileReference; lastKnownFileType = folder.assetcatalog; path = Assets.xcassets; sourceTree = "<group>"; };
		8242EF2223D06CFA00FC087C /* Base */ = {isa = PBXFileReference; lastKnownFileType = file.storyboard; name = Base; path = Base.lproj/Main.storyboard; sourceTree = "<group>"; };
		8242EF2423D06CFA00FC087C /* Info.plist */ = {isa = PBXFileReference; lastKnownFileType = text.plist.xml; path = Info.plist; sourceTree = "<group>"; };
		8242EF2523D06CFA00FC087C /* agvpoc.entitlements */ = {isa = PBXFileReference; lastKnownFileType = text.plist.entitlements; path = agvpoc.entitlements; sourceTree = "<group>"; };
/* End PBXFileReference section */

/* Begin PBXFrameworksBuildPhase section */
		8242EF1523D06CF800FC087C /* Frameworks */ = {
			isa = PBXFrameworksBuildPhase;
			buildActionMask = 2147483647;
			files = (
			);
			runOnlyForDeploymentPostprocessing = 0;
		};
/* End PBXFrameworksBuildPhase section */

/* Begin PBXGroup section */
		8242EF0F23D06CF800FC087C = {
			isa = PBXGroup;
			children = (
				8242EF1A23D06CF800FC087C /* agvpoc */,
				8242EF1923D06CF800FC087C /* Products */,
			);
			sourceTree = "<group>";
		};
		8242EF1923D06CF800FC087C /* Products */ = {
			isa = PBXGroup;
			children = (
				8242EF1823D06CF800FC087C /* agvpoc.app */,
			);
			name = Products;
			sourceTree = "<group>";
		};
		8242EF1A23D06CF800FC087C /* agvpoc */ = {
			isa = PBXGroup;
			children = (
				8242EF1B23D06CF800FC087C /* AppDelegate.swift */,
				8242EF1D23D06CF800FC087C /* ViewController.swift */,
				8242EF1F23D06CFA00FC087C /* Assets.xcassets */,
				8242EF2123D06CFA00FC087C /* Main.storyboard */,
				8242EF2423D06CFA00FC087C /* Info.plist */,
				8242EF2523D06CFA00FC087C /* agvpoc.entitlements */,
			);
			path = agvpoc;
			sourceTree = "<group>";
		};
/* End PBXGroup section */

/* Begin PBXLegacyTarget section */
		8242EF2B23D06E1200FC087C /* nextbuild */ = {
			isa = PBXLegacyTarget;
			buildArgumentsString = "-c \"cd $PROJECT_DIR; xcrun agvtool next-version -all\"";
			buildConfigurationList = 8242EF2C23D06E1200FC087C /* Build configuration list for PBXLegacyTarget "nextbuild" */;
			buildPhases = (
			);
			buildToolPath = /bin/bash;
			buildWorkingDirectory = "";
			dependencies = (
			);
			name = nextbuild;
			passBuildSettingsInEnvironment = 1;
			productName = nextbuild;
		};
/* End PBXLegacyTarget section */

/* Begin PBXNativeTarget section */
		8242EF1723D06CF800FC087C /* agvpoc */ = {
			isa = PBXNativeTarget;
			buildConfigurationList = 8242EF2823D06CFA00FC087C /* Build configuration list for PBXNativeTarget "agvpoc" */;
			buildPhases = (
				8242EF1423D06CF800FC087C /* Sources */,
				8242EF1523D06CF800FC087C /* Frameworks */,
				8242EF1623D06CF800FC087C /* Resources */,
			);
			buildRules = (
			);
			dependencies = (
			);
			name = agvpoc;
			productName = agvpoc;
			productReference = 8242EF1823D06CF800FC087C /* agvpoc.app */;
			productType = "com.apple.product-type.application";
		};
/* End PBXNativeTarget section */

/* Begin PBXProject section */
		8242EF1023D06CF800FC087C /* Project object */ = {
			isa = PBXProject;
			attributes = {
				LastSwiftUpdateCheck = 1130;
				LastUpgradeCheck = 1130;
				ORGANIZATIONNAME = zedoude;
				TargetAttributes = {
					8242EF1723D06CF800FC087C = {
						CreatedOnToolsVersion = 11.3.1;
					};
					8242EF2B23D06E1200FC087C = {
						CreatedOnToolsVersion = 11.3.1;
					};
				};
			};
			buildConfigurationList = 8242EF1323D06CF800FC087C /* Build configuration list for PBXProject "agvpoc" */;
			compatibilityVersion = "Xcode 9.3";
			developmentRegion = en;
			hasScannedForEncodings = 0;
			knownRegions = (
				en,
				Base,
			);
			mainGroup = 8242EF0F23D06CF800FC087C;
			productRefGroup = 8242EF1923D06CF800FC087C /* Products */;
			projectDirPath = "";
			projectRoot = "";
			targets = (
				8242EF1723D06CF800FC087C /* agvpoc */,
				8242EF2B23D06E1200FC087C /* nextbuild */,
			);
		};
/* End PBXProject section */

/* Begin PBXResourcesBuildPhase section */
		8242EF1623D06CF800FC087C /* Resources */ = {
			isa = PBXResourcesBuildPhase;
			buildActionMask = 2147483647;
			files = (
				8242EF2023D06CFA00FC087C /* Assets.xcassets in Resources */,
				8242EF2323D06CFA00FC087C /* Main.storyboard in Resources */,
			);
			runOnlyForDeploymentPostprocessing = 0;
		};
/* End PBXResourcesBuildPhase section */

/* Begin PBXSourcesBuildPhase section */
		8242EF1423D06CF800FC087C /* Sources */ = {
			isa = PBXSourcesBuildPhase;
			buildActionMask = 2147483647;
			files = (
				8242EF1E23D06CF800FC087C /* ViewController.swift in Sources */,
				8242EF1C23D06CF800FC087C /* AppDelegate.swift in Sources */,
			);
			runOnlyForDeploymentPostprocessing = 0;
		};
/* End PBXSourcesBuildPhase section */

/* Begin PBXVariantGroup section */
		8242EF2123D06CFA00FC087C /* Main.storyboard */ = {
			isa = PBXVariantGroup;
			children = (
				8242EF2223D06CFA00FC087C /* Base */,
			);
			name = Main.storyboard;
			sourceTree = "<group>";
		};
/* End PBXVariantGroup section */

/* Begin XCBuildConfiguration section */
		8242EF2623D06CFA00FC087C /* Debug */ = {
			isa = XCBuildConfiguration;
			buildSettings = {
				ALWAYS_SEARCH_USER_PATHS = NO;
				CLANG_ANALYZER_NONNULL = YES;
				CLANG_ANALYZER_NUMBER_OBJECT_CONVERSION = YES_AGGRESSIVE;
				CLANG_CXX_LANGUAGE_STANDARD = "gnu++14";
				CLANG_CXX_LIBRARY = "libc++";
				CLANG_ENABLE_MODULES = YES;
				CLANG_ENABLE_OBJC_ARC = YES;
				CLANG_ENABLE_OBJC_WEAK = YES;
				CLANG_WARN_BLOCK_CAPTURE_AUTORELEASING = YES;
				CLANG_WARN_BOOL_CONVERSION = YES;
				CLANG_WARN_COMMA = YES;
				CLANG_WARN_CONSTANT_CONVERSION = YES;
				CLANG_WARN_DEPRECATED_OBJC_IMPLEMENTATIONS = YES;
				CLANG_WARN_DIRECT_OBJC_ISA_USAGE = YES_ERROR;
				CLANG_WARN_DOCUMENTATION_COMMENTS = YES;
				CLANG_WARN_EMPTY_BODY = YES;
				CLANG_WARN_ENUM_CONVERSION = YES;
				CLANG_WARN_INFINITE_RECURSION = YES;
				CLANG_WARN_INT_CONVERSION = YES;
				CLANG_WARN_NON_LITERAL_NULL_CONVERSION = YES;
				CLANG_WARN_OBJC_IMPLICIT_RETAIN_SELF = YES;
				CLANG_WARN_OBJC_LITERAL_CONVERSION = YES;
				CLANG_WARN_OBJC_ROOT_CLASS = YES_ERROR;
				CLANG_WARN_RANGE_LOOP_ANALYSIS = YES;
				CLANG_WARN_STRICT_PROTOTYPES = YES;
				CLANG_WARN_SUSPICIOUS_MOVE = YES;
				CLANG_WARN_UNGUARDED_AVAILABILITY = YES_AGGRESSIVE;
				CLANG_WARN_UNREACHABLE_CODE = YES;
				CLANG_WARN__DUPLICATE_METHOD_MATCH = YES;
				COPY_PHASE_STRIP = NO;
				DEBUG_INFORMATION_FORMAT = dwarf;
				ENABLE_STRICT_OBJC_MSGSEND = YES;
				ENABLE_TESTABILITY = YES;
				GCC_C_LANGUAGE_STANDARD = gnu11;
				GCC_DYNAMIC_NO_PIC = NO;
				GCC_NO_COMMON_BLOCKS = YES;
				GCC_OPTIMIZATION_LEVEL = 0;
				GCC_PREPROCESSOR_DEFINITIONS = (
					"DEBUG=1",
					"$(inherited)",
				);
				GCC_WARN_64_TO_32_BIT_CONVERSION = YES;
				GCC_WARN_ABOUT_RETURN_TYPE = YES_ERROR;
				GCC_WARN_UNDECLARED_SELECTOR = YES;
				GCC_WARN_UNINITIALIZED_AUTOS = YES_AGGRESSIVE;
				GCC_WARN_UNUSED_FUNCTION = YES;
				GCC_WARN_UNUSED_VARIABLE = YES;
				MACOSX_DEPLOYMENT_TARGET = 10.14;
				MTL_ENABLE_DEBUG_INFO = INCLUDE_SOURCE;
				MTL_FAST_MATH = YES;
				ONLY_ACTIVE_ARCH = YES;
				SDKROOT = macosx;
				SWIFT_ACTIVE_COMPILATION_CONDITIONS = DEBUG;
				SWIFT_OPTIMIZATION_LEVEL = "-Onone";
			};
			name = Debug;
		};
		8242EF2723D06CFA00FC087C /* Release */ = {
			isa = XCBuildConfiguration;
			buildSettings = {
				ALWAYS_SEARCH_USER_PATHS = NO;
				CLANG_ANALYZER_NONNULL = YES;
				CLANG_ANALYZER_NUMBER_OBJECT_CONVERSION = YES_AGGRESSIVE;
				CLANG_CXX_LANGUAGE_STANDARD = "gnu++14";
				CLANG_CXX_LIBRARY = "libc++";
				CLANG_ENABLE_MODULES = YES;
				CLANG_ENABLE_OBJC_ARC = YES;
				CLANG_ENABLE_OBJC_WEAK = YES;
				CLANG_WARN_BLOCK_CAPTURE_AUTORELEASING = YES;
				CLANG_WARN_BOOL_CONVERSION = YES;
				CLANG_WARN_COMMA = YES;
				CLANG_WARN_CONSTANT_CONVERSION = YES;
				CLANG_WARN_DEPRECATED_OBJC_IMPLEMENTATIONS = YES;
				CLANG_WARN_DIRECT_OBJC_ISA_USAGE = YES_ERROR;
				CLANG_WARN_DOCUMENTATION_COMMENTS = YES;
				CLANG_WARN_EMPTY_BODY = YES;
				CLANG_WARN_ENUM_CONVERSION = YES;
				CLANG_WARN_INFINITE_RECURSION = YES;
				CLANG_WARN_INT_CONVERSION = YES;
				CLANG_WARN_NON_LITERAL_NULL_CONVERSION = YES;
				CLANG_WARN_OBJC_IMPLICIT_RETAIN_SELF = YES;
				CLANG_WARN_OBJC_LITERAL_CONVERSION = YES;
				CLANG_WARN_OBJC_ROOT_CLASS = YES_ERROR;
				CLANG_WARN_RANGE_LOOP_ANALYSIS = YES;
				CLANG_WARN_STRICT_PROTOTYPES = YES;
				CLANG_WARN_SUSPICIOUS_MOVE = YES;
				CLANG_WARN_UNGUARDED_AVAILABILITY = YES_AGGRESSIVE;
				CLANG_WARN_UNREACHABLE_CODE = YES;
				CLANG_WARN__DUPLICATE_METHOD_MATCH = YES;
				COPY_PHASE_STRIP = NO;
				DEBUG_INFORMATION_FORMAT = "dwarf-with-dsym";
				ENABLE_NS_ASSERTIONS = NO;
				ENABLE_STRICT_OBJC_MSGSEND = YES;
				GCC_C_LANGUAGE_STANDARD = gnu11;
				GCC_NO_COMMON_BLOCKS = YES;
				GCC_WARN_64_TO_32_BIT_CONVERSION = YES;
				GCC_WARN_ABOUT_RETURN_TYPE = YES_ERROR;
				GCC_WARN_UNDECLARED_SELECTOR = YES;
				GCC_WARN_UNINITIALIZED_AUTOS = YES_AGGRESSIVE;
				GCC_WARN_UNUSED_FUNCTION = YES;
				GCC_WARN_UNUSED_VARIABLE = YES;
				MACOSX_DEPLOYMENT_TARGET = 10.14;
				MTL_ENABLE_DEBUG_INFO = NO;
				MTL_FAST_MATH = YES;
				SDKROOT = macosx;
				SWIFT_COMPILATION_MODE = wholemodule;
				SWIFT_OPTIMIZATION_LEVEL = "-O";
			};
			name = Release;
		};
		8242EF2923D06CFA00FC087C /* Debug */ = {
			isa = XCBuildConfiguration;
			buildSettings = {
				ASSETCATALOG_COMPILER_APPICON_NAME = AppIcon;
				CODE_SIGN_ENTITLEMENTS = agvpoc/agvpoc.entitlements;
				CODE_SIGN_STYLE = Automatic;
				COMBINE_HIDPI_IMAGES = YES;
				CURRENT_PROJECT_VERSION = 2;
				INFOPLIST_FILE = agvpoc/Info.plist;
				LD_RUNPATH_SEARCH_PATHS = (
					"$(inherited)",
					"@executable_path/../Frameworks",
				);
				PRODUCT_BUNDLE_IDENTIFIER = zedoude.agvpoc;
				PRODUCT_NAME = "$(TARGET_NAME)";
				SWIFT_VERSION = 5.0;
				VERSIONING_SYSTEM = "apple-generic";
			};
			name = Debug;
		};
		8242EF2A23D06CFA00FC087C /* Release */ = {
			isa = XCBuildConfiguration;
			buildSettings = {
				ASSETCATALOG_COMPILER_APPICON_NAME = AppIcon;
				CODE_SIGN_ENTITLEMENTS = agvpoc/agvpoc.entitlements;
				CODE_SIGN_STYLE = Automatic;
				COMBINE_HIDPI_IMAGES = YES;
				CURRENT_PROJECT_VERSION = 2;
				INFOPLIST_FILE = agvpoc/Info.plist;
				LD_RUNPATH_SEARCH_PATHS = (
					"$(inherited)",
					"@executable_path/../Frameworks",
				);
				PRODUCT_BUNDLE_IDENTIFIER = zedoude.agvpoc;
				PRODUCT_NAME = "$(TARGET_NAME)";
				SWIFT_VERSION = 5.0;
				VERSIONING_SYSTEM = "apple-generic";
			};
			name = Release;
		};
		8242EF2D23D06E1200FC087C /* Debug */ = {
			isa = XCBuildConfiguration;
			buildSettings = {
				CODE_SIGN_STYLE = Automatic;
				DEBUGGING_SYMBOLS = YES;
				DEBUG_INFORMATION_FORMAT = dwarf;
				GCC_GENERATE_DEBUGGING_SYMBOLS = YES;
				GCC_OPTIMIZATION_LEVEL = 0;
				OTHER_CFLAGS = "";
				OTHER_LDFLAGS = "";
				PRODUCT_NAME = "$(TARGET_NAME)";
			};
			name = Debug;
		};
		8242EF2E23D06E1200FC087C /* Release */ = {
			isa = XCBuildConfiguration;
			buildSettings = {
				CODE_SIGN_STYLE = Automatic;
				DEBUG_INFORMATION_FORMAT = "dwarf-with-dsym";
				OTHER_CFLAGS = "";
				OTHER_LDFLAGS = "";
				PRODUCT_NAME = "$(TARGET_NAME)";
			};
			name = Release;
		};
/* End XCBuildConfiguration section */

/* Begin XCConfigurationList section */
		8242EF1323D06CF800FC087C /* Build configuration list for PBXProject "agvpoc" */ = {
			isa = XCConfigurationList;
			buildConfigurations = (
				8242EF2623D06CFA00FC087C /* Debug */,
				8242EF2723D06CFA00FC087C /* Release */,
			);
			defaultConfigurationIsVisible = 0;
			defaultConfigurationName = Release;
		};
		8242EF2823D06CFA00FC087C /* Build configuration list for PBXNativeTarget "agvpoc" */ = {
			isa = XCConfigurationList;
			buildConfigurations = (
				8242EF2923D06CFA00FC087C /* Debug */,
				8242EF2A23D06CFA00FC087C /* Release */,
			);
			defaultConfigurationIsVisible = 0;
			defaultConfigurationName = Release;
		};
		8242EF2C23D06E1200FC087C /* Build configuration list for PBXLegacyTarget "nextbuild" */ = {
			isa = XCConfigurationList;
			buildConfigurations = (
				8242EF2D23D06E1200FC087C /* Debug */,
				8242EF2E23D06E1200FC087C /* Release */,
			);
			defaultConfigurationIsVisible = 0;
			defaultConfigurationName = Release;
		};
/* End XCConfigurationList section */
	};
	rootObject = 8242EF1023D06CF800FC087C /* Project object */;
}
